{
  "name": "extra-graph",
  "version": "0.0.2",
  "lockfileVersion": 3,
  "requires": true,
  "packages": {
    "": {
      "name": "extra-graph",
      "version": "0.0.2",
      "license": "MIT",
      "devDependencies": {
        "extra-array": "^3.1.27"
      }
    },
    "node_modules/extra-array": {
      "version": "3.1.27",
      "resolved": "https://registry.npmjs.org/extra-array/-/extra-array-3.1.27.tgz",
      "integrity": "sha512-GurjsMPDg9VDpK2qbm872VfiPra7Fo44uNNI+ivz5n+drmfgyaGqqveVFmKQO9O3K9Bc+ko1RiwWAL/853TYlA==",
      "dev": true
    }
  }
}
